// !$*UTF8*$!
{
	archiveVersion = 1;
	classes = {
	};
	objectVersion = 55;
	objects = {

/* Begin PBXBuildFile section */
		AF97106F28BAD7640032C126 /* FirebaseAuth in Frameworks */ = {isa = PBXBuildFile; productRef = AF97106E28BAD7640032C126 /* FirebaseAuth */; };
		AF97107128BAD7640032C126 /* FirebaseFirestore in Frameworks */ = {isa = PBXBuildFile; productRef = AF97107028BAD7640032C126 /* FirebaseFirestore */; };
		AF97107328BAD7640032C126 /* FirebaseFirestoreSwift in Frameworks */ = {isa = PBXBuildFile; productRef = AF97107228BAD7640032C126 /* FirebaseFirestoreSwift */; };
		AF97107528BAD7640032C126 /* FirebaseStorage in Frameworks */ = {isa = PBXBuildFile; productRef = AF97107428BAD7640032C126 /* FirebaseStorage */; };
		AF97107828BAE34B0032C126 /* FirebaseAnalytics in Frameworks */ = {isa = PBXBuildFile; productRef = AF97107728BAE34B0032C126 /* FirebaseAnalytics */; };
		AF97107A28BAE34B0032C126 /* FirebaseAnalyticsSwift in Frameworks */ = {isa = PBXBuildFile; productRef = AF97107928BAE34B0032C126 /* FirebaseAnalyticsSwift */; };
		AFE4D29428BA5DA200AED07D /* periodtApp.swift in Sources */ = {isa = PBXBuildFile; fileRef = AFE4D29328BA5DA200AED07D /* periodtApp.swift */; };
		AFE4D29628BA5DA200AED07D /* ContentView.swift in Sources */ = {isa = PBXBuildFile; fileRef = AFE4D29528BA5DA200AED07D /* ContentView.swift */; };
		AFE4D29828BA5DA600AED07D /* Assets.xcassets in Resources */ = {isa = PBXBuildFile; fileRef = AFE4D29728BA5DA600AED07D /* Assets.xcassets */; };
		AFE4D29B28BA5DA600AED07D /* Preview Assets.xcassets in Resources */ = {isa = PBXBuildFile; fileRef = AFE4D29A28BA5DA600AED07D /* Preview Assets.xcassets */; };
		AFE4D2A228BA615800AED07D /* RoundedShape.swift in Sources */ = {isa = PBXBuildFile; fileRef = AFE4D2A128BA615800AED07D /* RoundedShape.swift */; };
		AFE4D2A728BA61AD00AED07D /* Date.swift in Sources */ = {isa = PBXBuildFile; fileRef = AFE4D2A628BA61AD00AED07D /* Date.swift */; };
		AFE4D2AD28BA6CC000AED07D /* Extensions.swift in Sources */ = {isa = PBXBuildFile; fileRef = AFE4D2AC28BA6CC000AED07D /* Extensions.swift */; };
		AFE4D2AF28BA6D6800AED07D /* HomeView.swift in Sources */ = {isa = PBXBuildFile; fileRef = AFE4D2AE28BA6D6800AED07D /* HomeView.swift */; };
		AFE4D2B128BA7B5F00AED07D /* WeekViewModel.swift in Sources */ = {isa = PBXBuildFile; fileRef = AFE4D2B028BA7B5F00AED07D /* WeekViewModel.swift */; };
		AFE4D2BA28BAAE9600AED07D /* ArticleView.swift in Sources */ = {isa = PBXBuildFile; fileRef = AFE4D2B928BAAE9500AED07D /* ArticleView.swift */; };
		AFE4D2BC28BAAEA400AED07D /* StatsView.swift in Sources */ = {isa = PBXBuildFile; fileRef = AFE4D2BB28BAAEA400AED07D /* StatsView.swift */; };
		AFE4D2BE28BAAF5500AED07D /* LaunchView.swift in Sources */ = {isa = PBXBuildFile; fileRef = AFE4D2BD28BAAF5500AED07D /* LaunchView.swift */; };
		AFE4D2C028BAB39B00AED07D /* LoginView.swift in Sources */ = {isa = PBXBuildFile; fileRef = AFE4D2BF28BAB39A00AED07D /* LoginView.swift */; };
		AFE4D2C228BABC5E00AED07D /* RegistrationView.swift in Sources */ = {isa = PBXBuildFile; fileRef = AFE4D2C128BABC5E00AED07D /* RegistrationView.swift */; };
		AFE4D2C428BAC10800AED07D /* AuthViewModel.swift in Sources */ = {isa = PBXBuildFile; fileRef = AFE4D2C328BAC10700AED07D /* AuthViewModel.swift */; };
		AFE4D2C628BAC75E00AED07D /* GoogleService-Info.plist in Resources */ = {isa = PBXBuildFile; fileRef = AFE4D2C528BAC75D00AED07D /* GoogleService-Info.plist */; };
/* End PBXBuildFile section */

/* Begin PBXFileReference section */
		AFE4D29028BA5DA200AED07D /* periodt.app */ = {isa = PBXFileReference; explicitFileType = wrapper.application; includeInIndex = 0; path = periodt.app; sourceTree = BUILT_PRODUCTS_DIR; };
		AFE4D29328BA5DA200AED07D /* periodtApp.swift */ = {isa = PBXFileReference; lastKnownFileType = sourcecode.swift; path = periodtApp.swift; sourceTree = "<group>"; };
		AFE4D29528BA5DA200AED07D /* ContentView.swift */ = {isa = PBXFileReference; lastKnownFileType = sourcecode.swift; path = ContentView.swift; sourceTree = "<group>"; };
		AFE4D29728BA5DA600AED07D /* Assets.xcassets */ = {isa = PBXFileReference; lastKnownFileType = folder.assetcatalog; path = Assets.xcassets; sourceTree = "<group>"; };
		AFE4D29A28BA5DA600AED07D /* Preview Assets.xcassets */ = {isa = PBXFileReference; lastKnownFileType = folder.assetcatalog; path = "Preview Assets.xcassets"; sourceTree = "<group>"; };
		AFE4D2A128BA615800AED07D /* RoundedShape.swift */ = {isa = PBXFileReference; lastKnownFileType = sourcecode.swift; path = RoundedShape.swift; sourceTree = "<group>"; };
		AFE4D2A628BA61AD00AED07D /* Date.swift */ = {isa = PBXFileReference; lastKnownFileType = sourcecode.swift; path = Date.swift; sourceTree = "<group>"; };
		AFE4D2AC28BA6CC000AED07D /* Extensions.swift */ = {isa = PBXFileReference; lastKnownFileType = sourcecode.swift; path = Extensions.swift; sourceTree = "<group>"; };
		AFE4D2AE28BA6D6800AED07D /* HomeView.swift */ = {isa = PBXFileReference; lastKnownFileType = sourcecode.swift; path = HomeView.swift; sourceTree = "<group>"; };
		AFE4D2B028BA7B5F00AED07D /* WeekViewModel.swift */ = {isa = PBXFileReference; lastKnownFileType = sourcecode.swift; path = WeekViewModel.swift; sourceTree = "<group>"; };
		AFE4D2B928BAAE9500AED07D /* ArticleView.swift */ = {isa = PBXFileReference; lastKnownFileType = sourcecode.swift; path = ArticleView.swift; sourceTree = "<group>"; };
		AFE4D2BB28BAAEA400AED07D /* StatsView.swift */ = {isa = PBXFileReference; lastKnownFileType = sourcecode.swift; path = StatsView.swift; sourceTree = "<group>"; };
		AFE4D2BD28BAAF5500AED07D /* LaunchView.swift */ = {isa = PBXFileReference; lastKnownFileType = sourcecode.swift; path = LaunchView.swift; sourceTree = "<group>"; };
		AFE4D2BF28BAB39A00AED07D /* LoginView.swift */ = {isa = PBXFileReference; lastKnownFileType = sourcecode.swift; path = LoginView.swift; sourceTree = "<group>"; };
		AFE4D2C128BABC5E00AED07D /* RegistrationView.swift */ = {isa = PBXFileReference; lastKnownFileType = sourcecode.swift; path = RegistrationView.swift; sourceTree = "<group>"; };
		AFE4D2C328BAC10700AED07D /* AuthViewModel.swift */ = {isa = PBXFileReference; lastKnownFileType = sourcecode.swift; path = AuthViewModel.swift; sourceTree = "<group>"; };
		AFE4D2C528BAC75D00AED07D /* GoogleService-Info.plist */ = {isa = PBXFileReference; lastKnownFileType = text.plist; path = "GoogleService-Info.plist"; sourceTree = SOURCE_ROOT; };
/* End PBXFileReference section */

/* Begin PBXFrameworksBuildPhase section */
		AFE4D28D28BA5DA200AED07D /* Frameworks */ = {
			isa = PBXFrameworksBuildPhase;
			buildActionMask = 2147483647;
			files = (
				AF97107A28BAE34B0032C126 /* FirebaseAnalyticsSwift in Frameworks */,
				AF97106F28BAD7640032C126 /* FirebaseAuth in Frameworks */,
				AF97107528BAD7640032C126 /* FirebaseStorage in Frameworks */,
				AF97107128BAD7640032C126 /* FirebaseFirestore in Frameworks */,
				AF97107828BAE34B0032C126 /* FirebaseAnalytics in Frameworks */,
				AF97107328BAD7640032C126 /* FirebaseFirestoreSwift in Frameworks */,
			);
			runOnlyForDeploymentPostprocessing = 0;
		};
/* End PBXFrameworksBuildPhase section */

/* Begin PBXGroup section */
		AFE4D28728BA5DA200AED07D = {
			isa = PBXGroup;
			children = (
				AFE4D29228BA5DA200AED07D /* periodt */,
				AFE4D29128BA5DA200AED07D /* Products */,
			);
			sourceTree = "<group>";
		};
		AFE4D29128BA5DA200AED07D /* Products */ = {
			isa = PBXGroup;
			children = (
				AFE4D29028BA5DA200AED07D /* periodt.app */,
			);
			name = Products;
			sourceTree = "<group>";
		};
		AFE4D29228BA5DA200AED07D /* periodt */ = {
			isa = PBXGroup;
			children = (
				AFE4D29328BA5DA200AED07D /* periodtApp.swift */,
				AFE4D29528BA5DA200AED07D /* ContentView.swift */,
				AFE4D2B428BAADB300AED07D /* Authentication */,
				AFE4D2AB28BA6C1000AED07D /* Views */,
				AFE4D2A828BA61B400AED07D /* Model */,
				AFE4D2A328BA615E00AED07D /* Components */,
				AFE4D29728BA5DA600AED07D /* Assets.xcassets */,
				AFE4D2AC28BA6CC000AED07D /* Extensions.swift */,
				AFE4D2C528BAC75D00AED07D /* GoogleService-Info.plist */,
				AFE4D29928BA5DA600AED07D /* Preview Content */,
			);
			path = periodt;
			sourceTree = "<group>";
		};
		AFE4D29928BA5DA600AED07D /* Preview Content */ = {
			isa = PBXGroup;
			children = (
				AFE4D29A28BA5DA600AED07D /* Preview Assets.xcassets */,
			);
			path = "Preview Content";
			sourceTree = "<group>";
		};
		AFE4D2A328BA615E00AED07D /* Components */ = {
			isa = PBXGroup;
			children = (
				AFE4D2A128BA615800AED07D /* RoundedShape.swift */,
			);
			path = Components;
			sourceTree = "<group>";
		};
		AFE4D2A828BA61B400AED07D /* Model */ = {
			isa = PBXGroup;
			children = (
				AFE4D2A628BA61AD00AED07D /* Date.swift */,
				AFE4D2B028BA7B5F00AED07D /* WeekViewModel.swift */,
			);
			path = Model;
			sourceTree = "<group>";
		};
		AFE4D2AB28BA6C1000AED07D /* Views */ = {
			isa = PBXGroup;
			children = (
				AFE4D2AE28BA6D6800AED07D /* HomeView.swift */,
				AFE4D2B928BAAE9500AED07D /* ArticleView.swift */,
				AFE4D2BB28BAAEA400AED07D /* StatsView.swift */,
			);
			name = Views;
			path = ..;
			sourceTree = "<group>";
		};
		AFE4D2B428BAADB300AED07D /* Authentication */ = {
			isa = PBXGroup;
			children = (
				AFE4D2BD28BAAF5500AED07D /* LaunchView.swift */,
				AFE4D2BF28BAB39A00AED07D /* LoginView.swift */,
				AFE4D2C128BABC5E00AED07D /* RegistrationView.swift */,
				AFE4D2C328BAC10700AED07D /* AuthViewModel.swift */,
			);
			path = Authentication;
			sourceTree = "<group>";
		};
/* End PBXGroup section */

/* Begin PBXNativeTarget section */
		AFE4D28F28BA5DA200AED07D /* periodt */ = {
			isa = PBXNativeTarget;
			buildConfigurationList = AFE4D29E28BA5DA600AED07D /* Build configuration list for PBXNativeTarget "periodt" */;
			buildPhases = (
				AFE4D28C28BA5DA200AED07D /* Sources */,
				AFE4D28D28BA5DA200AED07D /* Frameworks */,
				AFE4D28E28BA5DA200AED07D /* Resources */,
			);
			buildRules = (
			);
			dependencies = (
			);
			name = periodt;
			packageProductDependencies = (
				AF97106E28BAD7640032C126 /* FirebaseAuth */,
				AF97107028BAD7640032C126 /* FirebaseFirestore */,
				AF97107228BAD7640032C126 /* FirebaseFirestoreSwift */,
				AF97107428BAD7640032C126 /* FirebaseStorage */,
				AF97107728BAE34B0032C126 /* FirebaseAnalytics */,
				AF97107928BAE34B0032C126 /* FirebaseAnalyticsSwift */,
			);
			productName = periodt;
			productReference = AFE4D29028BA5DA200AED07D /* periodt.app */;
			productType = "com.apple.product-type.application";
		};
/* End PBXNativeTarget section */

/* Begin PBXProject section */
		AFE4D28828BA5DA200AED07D /* Project object */ = {
			isa = PBXProject;
			attributes = {
				BuildIndependentTargetsInParallel = 1;
				LastSwiftUpdateCheck = 1340;
				LastUpgradeCheck = 1340;
				TargetAttributes = {
					AFE4D28F28BA5DA200AED07D = {
						CreatedOnToolsVersion = 13.4.1;
					};
				};
			};
			buildConfigurationList = AFE4D28B28BA5DA200AED07D /* Build configuration list for PBXProject "periodt" */;
			compatibilityVersion = "Xcode 13.0";
			developmentRegion = en;
			hasScannedForEncodings = 0;
			knownRegions = (
				en,
				Base,
			);
			mainGroup = AFE4D28728BA5DA200AED07D;
			packageReferences = (
				AF97106D28BAD7640032C126 /* XCRemoteSwiftPackageReference "firebase-ios-sdk" */,
				AF97107628BAE34B0032C126 /* XCRemoteSwiftPackageReference "firebase-ios-sdk" */,
			);
			productRefGroup = AFE4D29128BA5DA200AED07D /* Products */;
			projectDirPath = "";
			projectRoot = "";
			targets = (
				AFE4D28F28BA5DA200AED07D /* periodt */,
			);
		};
/* End PBXProject section */

/* Begin PBXResourcesBuildPhase section */
		AFE4D28E28BA5DA200AED07D /* Resources */ = {
			isa = PBXResourcesBuildPhase;
			buildActionMask = 2147483647;
			files = (
				AFE4D29B28BA5DA600AED07D /* Preview Assets.xcassets in Resources */,
				AFE4D29828BA5DA600AED07D /* Assets.xcassets in Resources */,
				AFE4D2C628BAC75E00AED07D /* GoogleService-Info.plist in Resources */,
			);
			runOnlyForDeploymentPostprocessing = 0;
		};
/* End PBXResourcesBuildPhase section */

/* Begin PBXSourcesBuildPhase section */
		AFE4D28C28BA5DA200AED07D /* Sources */ = {
			isa = PBXSourcesBuildPhase;
			buildActionMask = 2147483647;
			files = (
				AFE4D29628BA5DA200AED07D /* ContentView.swift in Sources */,
				AFE4D2AD28BA6CC000AED07D /* Extensions.swift in Sources */,
				AFE4D2BE28BAAF5500AED07D /* LaunchView.swift in Sources */,
				AFE4D2C228BABC5E00AED07D /* RegistrationView.swift in Sources */,
				AFE4D2B128BA7B5F00AED07D /* WeekViewModel.swift in Sources */,
				AFE4D29428BA5DA200AED07D /* periodtApp.swift in Sources */,
				AFE4D2AF28BA6D6800AED07D /* HomeView.swift in Sources */,
				AFE4D2A228BA615800AED07D /* RoundedShape.swift in Sources */,
				AFE4D2BC28BAAEA400AED07D /* StatsView.swift in Sources */,
				AFE4D2C028BAB39B00AED07D /* LoginView.swift in Sources */,
				AFE4D2A728BA61AD00AED07D /* Date.swift in Sources */,
				AFE4D2C428BAC10800AED07D /* AuthViewModel.swift in Sources */,
				AFE4D2BA28BAAE9600AED07D /* ArticleView.swift in Sources */,
			);
			runOnlyForDeploymentPostprocessing = 0;
		};
/* End PBXSourcesBuildPhase section */

/* Begin XCBuildConfiguration section */
		AFE4D29C28BA5DA600AED07D /* Debug */ = {
			isa = XCBuildConfiguration;
			buildSettings = {
				ALWAYS_SEARCH_USER_PATHS = NO;
				CLANG_ANALYZER_NONNULL = YES;
				CLANG_ANALYZER_NUMBER_OBJECT_CONVERSION = YES_AGGRESSIVE;
				CLANG_CXX_LANGUAGE_STANDARD = "gnu++17";
				CLANG_ENABLE_MODULES = YES;
				CLANG_ENABLE_OBJC_ARC = YES;
				CLANG_ENABLE_OBJC_WEAK = YES;
				CLANG_WARN_BLOCK_CAPTURE_AUTORELEASING = YES;
				CLANG_WARN_BOOL_CONVERSION = YES;
				CLANG_WARN_COMMA = YES;
				CLANG_WARN_CONSTANT_CONVERSION = YES;
				CLANG_WARN_DEPRECATED_OBJC_IMPLEMENTATIONS = YES;
				CLANG_WARN_DIRECT_OBJC_ISA_USAGE = YES_ERROR;
				CLANG_WARN_DOCUMENTATION_COMMENTS = YES;
				CLANG_WARN_EMPTY_BODY = YES;
				CLANG_WARN_ENUM_CONVERSION = YES;
				CLANG_WARN_INFINITE_RECURSION = YES;
				CLANG_WARN_INT_CONVERSION = YES;
				CLANG_WARN_NON_LITERAL_NULL_CONVERSION = YES;
				CLANG_WARN_OBJC_IMPLICIT_RETAIN_SELF = YES;
				CLANG_WARN_OBJC_LITERAL_CONVERSION = YES;
				CLANG_WARN_OBJC_ROOT_CLASS = YES_ERROR;
				CLANG_WARN_QUOTED_INCLUDE_IN_FRAMEWORK_HEADER = YES;
				CLANG_WARN_RANGE_LOOP_ANALYSIS = YES;
				CLANG_WARN_STRICT_PROTOTYPES = YES;
				CLANG_WARN_SUSPICIOUS_MOVE = YES;
				CLANG_WARN_UNGUARDED_AVAILABILITY = YES_AGGRESSIVE;
				CLANG_WARN_UNREACHABLE_CODE = YES;
				CLANG_WARN__DUPLICATE_METHOD_MATCH = YES;
				COPY_PHASE_STRIP = NO;
				DEBUG_INFORMATION_FORMAT = dwarf;
				ENABLE_STRICT_OBJC_MSGSEND = YES;
				ENABLE_TESTABILITY = YES;
				GCC_C_LANGUAGE_STANDARD = gnu11;
				GCC_DYNAMIC_NO_PIC = NO;
				GCC_NO_COMMON_BLOCKS = YES;
				GCC_OPTIMIZATION_LEVEL = 0;
				GCC_PREPROCESSOR_DEFINITIONS = (
					"DEBUG=1",
					"$(inherited)",
				);
				GCC_WARN_64_TO_32_BIT_CONVERSION = YES;
				GCC_WARN_ABOUT_RETURN_TYPE = YES_ERROR;
				GCC_WARN_UNDECLARED_SELECTOR = YES;
				GCC_WARN_UNINITIALIZED_AUTOS = YES_AGGRESSIVE;
				GCC_WARN_UNUSED_FUNCTION = YES;
				GCC_WARN_UNUSED_VARIABLE = YES;
				IPHONEOS_DEPLOYMENT_TARGET = 15.5;
				MTL_ENABLE_DEBUG_INFO = INCLUDE_SOURCE;
				MTL_FAST_MATH = YES;
				ONLY_ACTIVE_ARCH = YES;
				SDKROOT = iphoneos;
				SWIFT_ACTIVE_COMPILATION_CONDITIONS = DEBUG;
				SWIFT_OPTIMIZATION_LEVEL = "-Onone";
			};
			name = Debug;
		};
		AFE4D29D28BA5DA600AED07D /* Release */ = {
			isa = XCBuildConfiguration;
			buildSettings = {
				ALWAYS_SEARCH_USER_PATHS = NO;
				CLANG_ANALYZER_NONNULL = YES;
				CLANG_ANALYZER_NUMBER_OBJECT_CONVERSION = YES_AGGRESSIVE;
				CLANG_CXX_LANGUAGE_STANDARD = "gnu++17";
				CLANG_ENABLE_MODULES = YES;
				CLANG_ENABLE_OBJC_ARC = YES;
				CLANG_ENABLE_OBJC_WEAK = YES;
				CLANG_WARN_BLOCK_CAPTURE_AUTORELEASING = YES;
				CLANG_WARN_BOOL_CONVERSION = YES;
				CLANG_WARN_COMMA = YES;
				CLANG_WARN_CONSTANT_CONVERSION = YES;
				CLANG_WARN_DEPRECATED_OBJC_IMPLEMENTATIONS = YES;
				CLANG_WARN_DIRECT_OBJC_ISA_USAGE = YES_ERROR;
				CLANG_WARN_DOCUMENTATION_COMMENTS = YES;
				CLANG_WARN_EMPTY_BODY = YES;
				CLANG_WARN_ENUM_CONVERSION = YES;
				CLANG_WARN_INFINITE_RECURSION = YES;
				CLANG_WARN_INT_CONVERSION = YES;
				CLANG_WARN_NON_LITERAL_NULL_CONVERSION = YES;
				CLANG_WARN_OBJC_IMPLICIT_RETAIN_SELF = YES;
				CLANG_WARN_OBJC_LITERAL_CONVERSION = YES;
				CLANG_WARN_OBJC_ROOT_CLASS = YES_ERROR;
				CLANG_WARN_QUOTED_INCLUDE_IN_FRAMEWORK_HEADER = YES;
				CLANG_WARN_RANGE_LOOP_ANALYSIS = YES;
				CLANG_WARN_STRICT_PROTOTYPES = YES;
				CLANG_WARN_SUSPICIOUS_MOVE = YES;
				CLANG_WARN_UNGUARDED_AVAILABILITY = YES_AGGRESSIVE;
				CLANG_WARN_UNREACHABLE_CODE = YES;
				CLANG_WARN__DUPLICATE_METHOD_MATCH = YES;
				COPY_PHASE_STRIP = NO;
				DEBUG_INFORMATION_FORMAT = "dwarf-with-dsym";
				ENABLE_NS_ASSERTIONS = NO;
				ENABLE_STRICT_OBJC_MSGSEND = YES;
				GCC_C_LANGUAGE_STANDARD = gnu11;
				GCC_NO_COMMON_BLOCKS = YES;
				GCC_WARN_64_TO_32_BIT_CONVERSION = YES;
				GCC_WARN_ABOUT_RETURN_TYPE = YES_ERROR;
				GCC_WARN_UNDECLARED_SELECTOR = YES;
				GCC_WARN_UNINITIALIZED_AUTOS = YES_AGGRESSIVE;
				GCC_WARN_UNUSED_FUNCTION = YES;
				GCC_WARN_UNUSED_VARIABLE = YES;
				IPHONEOS_DEPLOYMENT_TARGET = 15.5;
				MTL_ENABLE_DEBUG_INFO = NO;
				MTL_FAST_MATH = YES;
				SDKROOT = iphoneos;
				SWIFT_COMPILATION_MODE = wholemodule;
				SWIFT_OPTIMIZATION_LEVEL = "-O";
				VALIDATE_PRODUCT = YES;
			};
			name = Release;
		};
		AFE4D29F28BA5DA600AED07D /* Debug */ = {
			isa = XCBuildConfiguration;
			buildSettings = {
				ASSETCATALOG_COMPILER_APPICON_NAME = AppIcon;
				ASSETCATALOG_COMPILER_GLOBAL_ACCENT_COLOR_NAME = AccentColor;
				CODE_SIGN_STYLE = Automatic;
				CURRENT_PROJECT_VERSION = 1;
				DEVELOPMENT_ASSET_PATHS = "\"periodt/Preview Content\"";
				ENABLE_PREVIEWS = YES;
				GENERATE_INFOPLIST_FILE = YES;
				INFOPLIST_KEY_UIApplicationSceneManifest_Generation = YES;
				INFOPLIST_KEY_UIApplicationSupportsIndirectInputEvents = YES;
				INFOPLIST_KEY_UILaunchScreen_Generation = YES;
				INFOPLIST_KEY_UISupportedInterfaceOrientations_iPad = "UIInterfaceOrientationPortrait UIInterfaceOrientationPortraitUpsideDown UIInterfaceOrientationLandscapeLeft UIInterfaceOrientationLandscapeRight";
				INFOPLIST_KEY_UISupportedInterfaceOrientations_iPhone = "UIInterfaceOrientationPortrait UIInterfaceOrientationLandscapeLeft UIInterfaceOrientationLandscapeRight";
				LD_RUNPATH_SEARCH_PATHS = (
					"$(inherited)",
					"@executable_path/Frameworks",
				);
				MARKETING_VERSION = 1.0;
				PRODUCT_BUNDLE_IDENTIFIER = jiajiah.periodt;
				PRODUCT_NAME = "$(TARGET_NAME)";
				SWIFT_EMIT_LOC_STRINGS = YES;
				SWIFT_VERSION = 5.0;
				TARGETED_DEVICE_FAMILY = "1,2";
			};
			name = Debug;
		};
		AFE4D2A028BA5DA600AED07D /* Release */ = {
			isa = XCBuildConfiguration;
			buildSettings = {
				ASSETCATALOG_COMPILER_APPICON_NAME = AppIcon;
				ASSETCATALOG_COMPILER_GLOBAL_ACCENT_COLOR_NAME = AccentColor;
				CODE_SIGN_STYLE = Automatic;
				CURRENT_PROJECT_VERSION = 1;
				DEVELOPMENT_ASSET_PATHS = "\"periodt/Preview Content\"";
				ENABLE_PREVIEWS = YES;
				GENERATE_INFOPLIST_FILE = YES;
				INFOPLIST_KEY_UIApplicationSceneManifest_Generation = YES;
				INFOPLIST_KEY_UIApplicationSupportsIndirectInputEvents = YES;
				INFOPLIST_KEY_UILaunchScreen_Generation = YES;
				INFOPLIST_KEY_UISupportedInterfaceOrientations_iPad = "UIInterfaceOrientationPortrait UIInterfaceOrientationPortraitUpsideDown UIInterfaceOrientationLandscapeLeft UIInterfaceOrientationLandscapeRight";
				INFOPLIST_KEY_UISupportedInterfaceOrientations_iPhone = "UIInterfaceOrientationPortrait UIInterfaceOrientationLandscapeLeft UIInterfaceOrientationLandscapeRight";
				LD_RUNPATH_SEARCH_PATHS = (
					"$(inherited)",
					"@executable_path/Frameworks",
				);
				MARKETING_VERSION = 1.0;
				PRODUCT_BUNDLE_IDENTIFIER = jiajiah.periodt;
				PRODUCT_NAME = "$(TARGET_NAME)";
				SWIFT_EMIT_LOC_STRINGS = YES;
				SWIFT_VERSION = 5.0;
				TARGETED_DEVICE_FAMILY = "1,2";
			};
			name = Release;
		};
/* End XCBuildConfiguration section */

/* Begin XCConfigurationList section */
		AFE4D28B28BA5DA200AED07D /* Build configuration list for PBXProject "periodt" */ = {
			isa = XCConfigurationList;
			buildConfigurations = (
				AFE4D29C28BA5DA600AED07D /* Debug */,
				AFE4D29D28BA5DA600AED07D /* Release */,
			);
			defaultConfigurationIsVisible = 0;
			defaultConfigurationName = Release;
		};
		AFE4D29E28BA5DA600AED07D /* Build configuration list for PBXNativeTarget "periodt" */ = {
			isa = XCConfigurationList;
			buildConfigurations = (
				AFE4D29F28BA5DA600AED07D /* Debug */,
				AFE4D2A028BA5DA600AED07D /* Release */,
			);
			defaultConfigurationIsVisible = 0;
			defaultConfigurationName = Release;
		};
/* End XCConfigurationList section */

/* Begin XCRemoteSwiftPackageReference section */
		AF97106D28BAD7640032C126 /* XCRemoteSwiftPackageReference "firebase-ios-sdk" */ = {
			isa = XCRemoteSwiftPackageReference;
			repositoryURL = "https://github.com/firebase/firebase-ios-sdk";
			requirement = {
				kind = upToNextMajorVersion;
				minimumVersion = 9.0.0;
			};
		};
		AF97107628BAE34B0032C126 /* XCRemoteSwiftPackageReference "firebase-ios-sdk" */ = {
			isa = XCRemoteSwiftPackageReference;
			repositoryURL = "https://github.com/firebase/firebase-ios-sdk";
			requirement = {
				branch = master;
				kind = branch;
			};
		};
/* End XCRemoteSwiftPackageReference section */

/* Begin XCSwiftPackageProductDependency section */
		AF97106E28BAD7640032C126 /* FirebaseAuth */ = {
			isa = XCSwiftPackageProductDependency;
			package = AF97106D28BAD7640032C126 /* XCRemoteSwiftPackageReference "firebase-ios-sdk" */;
			productName = FirebaseAuth;
		};
		AF97107028BAD7640032C126 /* FirebaseFirestore */ = {
			isa = XCSwiftPackageProductDependency;
			package = AF97106D28BAD7640032C126 /* XCRemoteSwiftPackageReference "firebase-ios-sdk" */;
			productName = FirebaseFirestore;
		};
		AF97107228BAD7640032C126 /* FirebaseFirestoreSwift */ = {
			isa = XCSwiftPackageProductDependency;
			package = AF97106D28BAD7640032C126 /* XCRemoteSwiftPackageReference "firebase-ios-sdk" */;
			productName = FirebaseFirestoreSwift;
		};
		AF97107428BAD7640032C126 /* FirebaseStorage */ = {
			isa = XCSwiftPackageProductDependency;
			package = AF97106D28BAD7640032C126 /* XCRemoteSwiftPackageReference "firebase-ios-sdk" */;
			productName = FirebaseStorage;
		};
		AF97107728BAE34B0032C126 /* FirebaseAnalytics */ = {
			isa = XCSwiftPackageProductDependency;
			package = AF97107628BAE34B0032C126 /* XCRemoteSwiftPackageReference "firebase-ios-sdk" */;
			productName = FirebaseAnalytics;
		};
		AF97107928BAE34B0032C126 /* FirebaseAnalyticsSwift */ = {
			isa = XCSwiftPackageProductDependency;
			package = AF97107628BAE34B0032C126 /* XCRemoteSwiftPackageReference "firebase-ios-sdk" */;
			productName = FirebaseAnalyticsSwift;
		};
/* End XCSwiftPackageProductDependency section */
	};
	rootObject = AFE4D28828BA5DA200AED07D /* Project object */;
}
